
Microsoft Visual Studio Solution File, Format Version 12.00
# Visual Studio Version 17
VisualStudioVersion = 17.1.32210.238
MinimumVisualStudioVersion = 10.0.40219.1
Project("{FAE04EC0-301F-11D3-BF4B-00C04F79EFBC}") = "GITGITGIT", "GITGITGIT\GITGITGIT.csproj", "{63807FF7-6885-40BF-B2EB-9FF065DC47A6}"
EndProject
Project("{FAE04EC0-301F-11D3-BF4B-00C04F79EFBC}") = "qqq", "qqq\qqq.csproj", "{EDA2AF11-ED23-452D-9F11-746943797A57}"
EndProject
Global
	GlobalSection(SolutionConfigurationPlatforms) = preSolution
		Debug|Any CPU = Debug|Any CPU
		Release|Any CPU = Release|Any CPU
	EndGlobalSection
	GlobalSection(ProjectConfigurationPlatforms) = postSolution
		{63807FF7-6885-40BF-B2EB-9FF065DC47A6}.Debug|Any CPU.ActiveCfg = Debug|Any CPU
		{63807FF7-6885-40BF-B2EB-9FF065DC47A6}.Debug|Any CPU.Build.0 = Debug|Any CPU
		{63807FF7-6885-40BF-B2EB-9FF065DC47A6}.Release|Any CPU.ActiveCfg = Release|Any CPU
		{63807FF7-6885-40BF-B2EB-9FF065DC47A6}.Release|Any CPU.Build.0 = Release|Any CPU
		{EDA2AF11-ED23-452D-9F11-746943797A57}.Debug|Any CPU.ActiveCfg = Debug|Any CPU
		{EDA2AF11-ED23-452D-9F11-746943797A57}.Debug|Any CPU.Build.0 = Debug|Any CPU
		{EDA2AF11-ED23-452D-9F11-746943797A57}.Release|Any CPU.ActiveCfg = Release|Any CPU
		{EDA2AF11-ED23-452D-9F11-746943797A57}.Release|Any CPU.Build.0 = Release|Any CPU
	EndGlobalSection
	GlobalSection(SolutionProperties) = preSolution
		HideSolutionNode = FALSE
	EndGlobalSection
	GlobalSection(ExtensibilityGlobals) = postSolution
		SolutionGuid = {75DBC9CC-FF00-4B80-8CBB-80F5532CE7CC}
	EndGlobalSection
EndGlobal
